// !$*UTF8*$!
{
	archiveVersion = 1;
	classes = {
	};
	objectVersion = 50;
	objects = {

/* Begin PBXBuildFile section */
		9359258620E6C7E700434EA7 /* AppDelegate.swift in Sources */ = {isa = PBXBuildFile; fileRef = 9359258520E6C7E700434EA7 /* AppDelegate.swift */; };
		9359258820E6C7E700434EA7 /* ViewController.swift in Sources */ = {isa = PBXBuildFile; fileRef = 9359258720E6C7E700434EA7 /* ViewController.swift */; };
		9359258B20E6C7E700434EA7 /* Main.storyboard in Resources */ = {isa = PBXBuildFile; fileRef = 9359258920E6C7E700434EA7 /* Main.storyboard */; };
		9359258D20E6C7E900434EA7 /* Assets.xcassets in Resources */ = {isa = PBXBuildFile; fileRef = 9359258C20E6C7E900434EA7 /* Assets.xcassets */; };
		9359259020E6C7E900434EA7 /* LaunchScreen.storyboard in Resources */ = {isa = PBXBuildFile; fileRef = 9359258E20E6C7E900434EA7 /* LaunchScreen.storyboard */; };
		9359259B20E6C7E900434EA7 /* LoginTests.swift in Sources */ = {isa = PBXBuildFile; fileRef = 9359259A20E6C7E900434EA7 /* LoginTests.swift */; };
		935925A620E6C7E900434EA7 /* LoginUITests.swift in Sources */ = {isa = PBXBuildFile; fileRef = 935925A520E6C7E900434EA7 /* LoginUITests.swift */; };
/* End PBXBuildFile section */

/* Begin PBXContainerItemProxy section */
		9359259720E6C7E900434EA7 /* PBXContainerItemProxy */ = {
			isa = PBXContainerItemProxy;
			containerPortal = 9359257A20E6C7E600434EA7 /* Project object */;
			proxyType = 1;
			remoteGlobalIDString = 9359258120E6C7E600434EA7;
			remoteInfo = Login;
		};
		935925A220E6C7E900434EA7 /* PBXContainerItemProxy */ = {
			isa = PBXContainerItemProxy;
			containerPortal = 9359257A20E6C7E600434EA7 /* Project object */;
			proxyType = 1;
			remoteGlobalIDString = 9359258120E6C7E600434EA7;
			remoteInfo = Login;
		};
/* End PBXContainerItemProxy section */

/* Begin PBXFileReference section */
		9359258220E6C7E700434EA7 /* Login.app */ = {isa = PBXFileReference; explicitFileType = wrapper.application; includeInIndex = 0; path = Login.app; sourceTree = BUILT_PRODUCTS_DIR; };
		9359258520E6C7E700434EA7 /* AppDelegate.swift */ = {isa = PBXFileReference; lastKnownFileType = sourcecode.swift; path = AppDelegate.swift; sourceTree = "<group>"; };
		9359258720E6C7E700434EA7 /* ViewController.swift */ = {isa = PBXFileReference; lastKnownFileType = sourcecode.swift; path = ViewController.swift; sourceTree = "<group>"; };
		9359258A20E6C7E700434EA7 /* Base */ = {isa = PBXFileReference; lastKnownFileType = file.storyboard; name = Base; path = Base.lproj/Main.storyboard; sourceTree = "<group>"; };
		9359258C20E6C7E900434EA7 /* Assets.xcassets */ = {isa = PBXFileReference; lastKnownFileType = folder.assetcatalog; path = Assets.xcassets; sourceTree = "<group>"; };
		9359258F20E6C7E900434EA7 /* Base */ = {isa = PBXFileReference; lastKnownFileType = file.storyboard; name = Base; path = Base.lproj/LaunchScreen.storyboard; sourceTree = "<group>"; };
		9359259120E6C7E900434EA7 /* Info.plist */ = {isa = PBXFileReference; lastKnownFileType = text.plist.xml; path = Info.plist; sourceTree = "<group>"; };
		9359259620E6C7E900434EA7 /* LoginTests.xctest */ = {isa = PBXFileReference; explicitFileType = wrapper.cfbundle; includeInIndex = 0; path = LoginTests.xctest; sourceTree = BUILT_PRODUCTS_DIR; };
		9359259A20E6C7E900434EA7 /* LoginTests.swift */ = {isa = PBXFileReference; lastKnownFileType = sourcecode.swift; path = LoginTests.swift; sourceTree = "<group>"; };
		9359259C20E6C7E900434EA7 /* Info.plist */ = {isa = PBXFileReference; lastKnownFileType = text.plist.xml; path = Info.plist; sourceTree = "<group>"; };
		935925A120E6C7E900434EA7 /* LoginUITests.xctest */ = {isa = PBXFileReference; explicitFileType = wrapper.cfbundle; includeInIndex = 0; path = LoginUITests.xctest; sourceTree = BUILT_PRODUCTS_DIR; };
		935925A520E6C7E900434EA7 /* LoginUITests.swift */ = {isa = PBXFileReference; lastKnownFileType = sourcecode.swift; path = LoginUITests.swift; sourceTree = "<group>"; };
		935925A720E6C7E900434EA7 /* Info.plist */ = {isa = PBXFileReference; lastKnownFileType = text.plist.xml; path = Info.plist; sourceTree = "<group>"; };
/* End PBXFileReference section */

/* Begin PBXFrameworksBuildPhase section */
		9359257F20E6C7E600434EA7 /* Frameworks */ = {
			isa = PBXFrameworksBuildPhase;
			buildActionMask = 2147483647;
			files = (
			);
			runOnlyForDeploymentPostprocessing = 0;
		};
		9359259320E6C7E900434EA7 /* Frameworks */ = {
			isa = PBXFrameworksBuildPhase;
			buildActionMask = 2147483647;
			files = (
			);
			runOnlyForDeploymentPostprocessing = 0;
		};
		9359259E20E6C7E900434EA7 /* Frameworks */ = {
			isa = PBXFrameworksBuildPhase;
			buildActionMask = 2147483647;
			files = (
			);
			runOnlyForDeploymentPostprocessing = 0;
		};
/* End PBXFrameworksBuildPhase section */

/* Begin PBXGroup section */
		9359257920E6C7E600434EA7 = {
			isa = PBXGroup;
			children = (
				9359258420E6C7E700434EA7 /* Login */,
				9359259920E6C7E900434EA7 /* LoginTests */,
				935925A420E6C7E900434EA7 /* LoginUITests */,
				9359258320E6C7E700434EA7 /* Products */,
			);
			sourceTree = "<group>";
		};
		9359258320E6C7E700434EA7 /* Products */ = {
			isa = PBXGroup;
			children = (
				9359258220E6C7E700434EA7 /* Login.app */,
				9359259620E6C7E900434EA7 /* LoginTests.xctest */,
				935925A120E6C7E900434EA7 /* LoginUITests.xctest */,
			);
			name = Products;
			sourceTree = "<group>";
		};
		9359258420E6C7E700434EA7 /* Login */ = {
			isa = PBXGroup;
			children = (
				9359258520E6C7E700434EA7 /* AppDelegate.swift */,
				9359258720E6C7E700434EA7 /* ViewController.swift */,
				9359258920E6C7E700434EA7 /* Main.storyboard */,
				9359258C20E6C7E900434EA7 /* Assets.xcassets */,
				9359258E20E6C7E900434EA7 /* LaunchScreen.storyboard */,
				9359259120E6C7E900434EA7 /* Info.plist */,
			);
			path = Login;
			sourceTree = "<group>";
		};
		9359259920E6C7E900434EA7 /* LoginTests */ = {
			isa = PBXGroup;
			children = (
				9359259A20E6C7E900434EA7 /* LoginTests.swift */,
				9359259C20E6C7E900434EA7 /* Info.plist */,
			);
			path = LoginTests;
			sourceTree = "<group>";
		};
		935925A420E6C7E900434EA7 /* LoginUITests */ = {
			isa = PBXGroup;
			children = (
				935925A520E6C7E900434EA7 /* LoginUITests.swift */,
				935925A720E6C7E900434EA7 /* Info.plist */,
			);
			path = LoginUITests;
			sourceTree = "<group>";
		};
/* End PBXGroup section */

/* Begin PBXNativeTarget section */
		9359258120E6C7E600434EA7 /* Login */ = {
			isa = PBXNativeTarget;
			buildConfigurationList = 935925AA20E6C7E900434EA7 /* Build configuration list for PBXNativeTarget "Login" */;
			buildPhases = (
				9359257E20E6C7E600434EA7 /* Sources */,
				9359257F20E6C7E600434EA7 /* Frameworks */,
				9359258020E6C7E600434EA7 /* Resources */,
			);
			buildRules = (
			);
			dependencies = (
			);
			name = Login;
			productName = Login;
			productReference = 9359258220E6C7E700434EA7 /* Login.app */;
			productType = "com.apple.product-type.application";
		};
		9359259520E6C7E900434EA7 /* LoginTests */ = {
			isa = PBXNativeTarget;
			buildConfigurationList = 935925AD20E6C7E900434EA7 /* Build configuration list for PBXNativeTarget "LoginTests" */;
			buildPhases = (
				9359259220E6C7E900434EA7 /* Sources */,
				9359259320E6C7E900434EA7 /* Frameworks */,
				9359259420E6C7E900434EA7 /* Resources */,
			);
			buildRules = (
			);
			dependencies = (
				9359259820E6C7E900434EA7 /* PBXTargetDependency */,
			);
			name = LoginTests;
			productName = LoginTests;
			productReference = 9359259620E6C7E900434EA7 /* LoginTests.xctest */;
			productType = "com.apple.product-type.bundle.unit-test";
		};
		935925A020E6C7E900434EA7 /* LoginUITests */ = {
			isa = PBXNativeTarget;
			buildConfigurationList = 935925B020E6C7E900434EA7 /* Build configuration list for PBXNativeTarget "LoginUITests" */;
			buildPhases = (
				9359259D20E6C7E900434EA7 /* Sources */,
				9359259E20E6C7E900434EA7 /* Frameworks */,
				9359259F20E6C7E900434EA7 /* Resources */,
			);
			buildRules = (
			);
			dependencies = (
				935925A320E6C7E900434EA7 /* PBXTargetDependency */,
			);
			name = LoginUITests;
			productName = LoginUITests;
			productReference = 935925A120E6C7E900434EA7 /* LoginUITests.xctest */;
			productType = "com.apple.product-type.bundle.ui-testing";
		};
/* End PBXNativeTarget section */

/* Begin PBXProject section */
		9359257A20E6C7E600434EA7 /* Project object */ = {
			isa = PBXProject;
			attributes = {
				LastSwiftUpdateCheck = 0940;
				LastUpgradeCheck = 0940;
				ORGANIZATIONNAME = "Anes Mehai ";
				TargetAttributes = {
					9359258120E6C7E600434EA7 = {
						CreatedOnToolsVersion = 9.4;
					};
					9359259520E6C7E900434EA7 = {
						CreatedOnToolsVersion = 9.4;
						TestTargetID = 9359258120E6C7E600434EA7;
					};
					935925A020E6C7E900434EA7 = {
						CreatedOnToolsVersion = 9.4;
						TestTargetID = 9359258120E6C7E600434EA7;
					};
				};
			};
			buildConfigurationList = 9359257D20E6C7E600434EA7 /* Build configuration list for PBXProject "Login" */;
			compatibilityVersion = "Xcode 9.3";
			developmentRegion = en;
			hasScannedForEncodings = 0;
			knownRegions = (
				en,
				Base,
			);
			mainGroup = 9359257920E6C7E600434EA7;
			productRefGroup = 9359258320E6C7E700434EA7 /* Products */;
			projectDirPath = "";
			projectRoot = "";
			targets = (
				9359258120E6C7E600434EA7 /* Login */,
				9359259520E6C7E900434EA7 /* LoginTests */,
				935925A020E6C7E900434EA7 /* LoginUITests */,
			);
		};
/* End PBXProject section */

/* Begin PBXResourcesBuildPhase section */
		9359258020E6C7E600434EA7 /* Resources */ = {
			isa = PBXResourcesBuildPhase;
			buildActionMask = 2147483647;
			files = (
				9359259020E6C7E900434EA7 /* LaunchScreen.storyboard in Resources */,
				9359258D20E6C7E900434EA7 /* Assets.xcassets in Resources */,
				9359258B20E6C7E700434EA7 /* Main.storyboard in Resources */,
			);
			runOnlyForDeploymentPostprocessing = 0;
		};
		9359259420E6C7E900434EA7 /* Resources */ = {
			isa = PBXResourcesBuildPhase;
			buildActionMask = 2147483647;
			files = (
			);
			runOnlyForDeploymentPostprocessing = 0;
		};
		9359259F20E6C7E900434EA7 /* Resources */ = {
			isa = PBXResourcesBuildPhase;
			buildActionMask = 2147483647;
			files = (
			);
			runOnlyForDeploymentPostprocessing = 0;
		};
/* End PBXResourcesBuildPhase section */

/* Begin PBXSourcesBuildPhase section */
		9359257E20E6C7E600434EA7 /* Sources */ = {
			isa = PBXSourcesBuildPhase;
			buildActionMask = 2147483647;
			files = (
				9359258820E6C7E700434EA7 /* ViewController.swift in Sources */,
				9359258620E6C7E700434EA7 /* AppDelegate.swift in Sources */,
			);
			runOnlyForDeploymentPostprocessing = 0;
		};
		9359259220E6C7E900434EA7 /* Sources */ = {
			isa = PBXSourcesBuildPhase;
			buildActionMask = 2147483647;
			files = (
				9359259B20E6C7E900434EA7 /* LoginTests.swift in Sources */,
			);
			runOnlyForDeploymentPostprocessing = 0;
		};
		9359259D20E6C7E900434EA7 /* Sources */ = {
			isa = PBXSourcesBuildPhase;
			buildActionMask = 2147483647;
			files = (
				935925A620E6C7E900434EA7 /* LoginUITests.swift in Sources */,
			);
			runOnlyForDeploymentPostprocessing = 0;
		};
/* End PBXSourcesBuildPhase section */

/* Begin PBXTargetDependency section */
		9359259820E6C7E900434EA7 /* PBXTargetDependency */ = {
			isa = PBXTargetDependency;
			target = 9359258120E6C7E600434EA7 /* Login */;
			targetProxy = 9359259720E6C7E900434EA7 /* PBXContainerItemProxy */;
		};
		935925A320E6C7E900434EA7 /* PBXTargetDependency */ = {
			isa = PBXTargetDependency;
			target = 9359258120E6C7E600434EA7 /* Login */;
			targetProxy = 935925A220E6C7E900434EA7 /* PBXContainerItemProxy */;
		};
/* End PBXTargetDependency section */

/* Begin PBXVariantGroup section */
		9359258920E6C7E700434EA7 /* Main.storyboard */ = {
			isa = PBXVariantGroup;
			children = (
				9359258A20E6C7E700434EA7 /* Base */,
			);
			name = Main.storyboard;
			sourceTree = "<group>";
		};
		9359258E20E6C7E900434EA7 /* LaunchScreen.storyboard */ = {
			isa = PBXVariantGroup;
			children = (
				9359258F20E6C7E900434EA7 /* Base */,
			);
			name = LaunchScreen.storyboard;
			sourceTree = "<group>";
		};
/* End PBXVariantGroup section */

/* Begin XCBuildConfiguration section */
		935925A820E6C7E900434EA7 /* Debug */ = {
			isa = XCBuildConfiguration;
			buildSettings = {
				ALWAYS_SEARCH_USER_PATHS = NO;
				CLANG_ANALYZER_NONNULL = YES;
				CLANG_ANALYZER_NUMBER_OBJECT_CONVERSION = YES_AGGRESSIVE;
				CLANG_CXX_LANGUAGE_STANDARD = "gnu++14";
				CLANG_CXX_LIBRARY = "libc++";
				CLANG_ENABLE_MODULES = YES;
				CLANG_ENABLE_OBJC_ARC = YES;
				CLANG_ENABLE_OBJC_WEAK = YES;
				CLANG_WARN_BLOCK_CAPTURE_AUTORELEASING = YES;
				CLANG_WARN_BOOL_CONVERSION = YES;
				CLANG_WARN_COMMA = YES;
				CLANG_WARN_CONSTANT_CONVERSION = YES;
				CLANG_WARN_DEPRECATED_OBJC_IMPLEMENTATIONS = YES;
				CLANG_WARN_DIRECT_OBJC_ISA_USAGE = YES_ERROR;
				CLANG_WARN_DOCUMENTATION_COMMENTS = YES;
				CLANG_WARN_EMPTY_BODY = YES;
				CLANG_WARN_ENUM_CONVERSION = YES;
				CLANG_WARN_INFINITE_RECURSION = YES;
				CLANG_WARN_INT_CONVERSION = YES;
				CLANG_WARN_NON_LITERAL_NULL_CONVERSION = YES;
				CLANG_WARN_OBJC_IMPLICIT_RETAIN_SELF = YES;
				CLANG_WARN_OBJC_LITERAL_CONVERSION = YES;
				CLANG_WARN_OBJC_ROOT_CLASS = YES_ERROR;
				CLANG_WARN_RANGE_LOOP_ANALYSIS = YES;
				CLANG_WARN_STRICT_PROTOTYPES = YES;
				CLANG_WARN_SUSPICIOUS_MOVE = YES;
				CLANG_WARN_UNGUARDED_AVAILABILITY = YES_AGGRESSIVE;
				CLANG_WARN_UNREACHABLE_CODE = YES;
				CLANG_WARN__DUPLICATE_METHOD_MATCH = YES;
				CODE_SIGN_IDENTITY = "iPhone Developer";
				COPY_PHASE_STRIP = NO;
				DEBUG_INFORMATION_FORMAT = dwarf;
				ENABLE_STRICT_OBJC_MSGSEND = YES;
				ENABLE_TESTABILITY = YES;
				GCC_C_LANGUAGE_STANDARD = gnu11;
				GCC_DYNAMIC_NO_PIC = NO;
				GCC_NO_COMMON_BLOCKS = YES;
				GCC_OPTIMIZATION_LEVEL = 0;
				GCC_PREPROCESSOR_DEFINITIONS = (
					"DEBUG=1",
					"$(inherited)",
				);
				GCC_WARN_64_TO_32_BIT_CONVERSION = YES;
				GCC_WARN_ABOUT_RETURN_TYPE = YES_ERROR;
				GCC_WARN_UNDECLARED_SELECTOR = YES;
				GCC_WARN_UNINITIALIZED_AUTOS = YES_AGGRESSIVE;
				GCC_WARN_UNUSED_FUNCTION = YES;
				GCC_WARN_UNUSED_VARIABLE = YES;
				IPHONEOS_DEPLOYMENT_TARGET = 11.4;
				MTL_ENABLE_DEBUG_INFO = YES;
				ONLY_ACTIVE_ARCH = YES;
				SDKROOT = iphoneos;
				SWIFT_ACTIVE_COMPILATION_CONDITIONS = DEBUG;
				SWIFT_OPTIMIZATION_LEVEL = "-Onone";
			};
			name = Debug;
		};
		935925A920E6C7E900434EA7 /* Release */ = {
			isa = XCBuildConfiguration;
			buildSettings = {
				ALWAYS_SEARCH_USER_PATHS = NO;
				CLANG_ANALYZER_NONNULL = YES;
				CLANG_ANALYZER_NUMBER_OBJECT_CONVERSION = YES_AGGRESSIVE;
				CLANG_CXX_LANGUAGE_STANDARD = "gnu++14";
				CLANG_CXX_LIBRARY = "libc++";
				CLANG_ENABLE_MODULES = YES;
				CLANG_ENABLE_OBJC_ARC = YES;
				CLANG_ENABLE_OBJC_WEAK = YES;
				CLANG_WARN_BLOCK_CAPTURE_AUTORELEASING = YES;
				CLANG_WARN_BOOL_CONVERSION = YES;
				CLANG_WARN_COMMA = YES;
				CLANG_WARN_CONSTANT_CONVERSION = YES;
				CLANG_WARN_DEPRECATED_OBJC_IMPLEMENTATIONS = YES;
				CLANG_WARN_DIRECT_OBJC_ISA_USAGE = YES_ERROR;
				CLANG_WARN_DOCUMENTATION_COMMENTS = YES;
				CLANG_WARN_EMPTY_BODY = YES;
				CLANG_WARN_ENUM_CONVERSION = YES;
				CLANG_WARN_INFINITE_RECURSION = YES;
				CLANG_WARN_INT_CONVERSION = YES;
				CLANG_WARN_NON_LITERAL_NULL_CONVERSION = YES;
				CLANG_WARN_OBJC_IMPLICIT_RETAIN_SELF = YES;
				CLANG_WARN_OBJC_LITERAL_CONVERSION = YES;
				CLANG_WARN_OBJC_ROOT_CLASS = YES_ERROR;
				CLANG_WARN_RANGE_LOOP_ANALYSIS = YES;
				CLANG_WARN_STRICT_PROTOTYPES = YES;
				CLANG_WARN_SUSPICIOUS_MOVE = YES;
				CLANG_WARN_UNGUARDED_AVAILABILITY = YES_AGGRESSIVE;
				CLANG_WARN_UNREACHABLE_CODE = YES;
				CLANG_WARN__DUPLICATE_METHOD_MATCH = YES;
				CODE_SIGN_IDENTITY = "iPhone Developer";
				COPY_PHASE_STRIP = NO;
				DEBUG_INFORMATION_FORMAT = "dwarf-with-dsym";
				ENABLE_NS_ASSERTIONS = NO;
				ENABLE_STRICT_OBJC_MSGSEND = YES;
				GCC_C_LANGUAGE_STANDARD = gnu11;
				GCC_NO_COMMON_BLOCKS = YES;
				GCC_WARN_64_TO_32_BIT_CONVERSION = YES;
				GCC_WARN_ABOUT_RETURN_TYPE = YES_ERROR;
				GCC_WARN_UNDECLARED_SELECTOR = YES;
				GCC_WARN_UNINITIALIZED_AUTOS = YES_AGGRESSIVE;
				GCC_WARN_UNUSED_FUNCTION = YES;
				GCC_WARN_UNUSED_VARIABLE = YES;
				IPHONEOS_DEPLOYMENT_TARGET = 11.4;
				MTL_ENABLE_DEBUG_INFO = NO;
				SDKROOT = iphoneos;
				SWIFT_COMPILATION_MODE = wholemodule;
				SWIFT_OPTIMIZATION_LEVEL = "-O";
				VALIDATE_PRODUCT = YES;
			};
			name = Release;
		};
		935925AB20E6C7E900434EA7 /* Debug */ = {
			isa = XCBuildConfiguration;
			buildSettings = {
				ASSETCATALOG_COMPILER_APPICON_NAME = AppIcon;
				CODE_SIGN_STYLE = Automatic;
				INFOPLIST_FILE = Login/Info.plist;
				LD_RUNPATH_SEARCH_PATHS = (
					"$(inherited)",
					"@executable_path/Frameworks",
				);
				PRODUCT_BUNDLE_IDENTIFIER = com.asfoor.Login;
				PRODUCT_NAME = "$(TARGET_NAME)";
				SWIFT_VERSION = 4.0;
				TARGETED_DEVICE_FAMILY = "1,2";
			};
			name = Debug;
		};
		935925AC20E6C7E900434EA7 /* Release */ = {
			isa = XCBuildConfiguration;
			buildSettings = {
				ASSETCATALOG_COMPILER_APPICON_NAME = AppIcon;
				CODE_SIGN_STYLE = Automatic;
				INFOPLIST_FILE = Login/Info.plist;
				LD_RUNPATH_SEARCH_PATHS = (
					"$(inherited)",
					"@executable_path/Frameworks",
				);
				PRODUCT_BUNDLE_IDENTIFIER = com.asfoor.Login;
				PRODUCT_NAME = "$(TARGET_NAME)";
				SWIFT_VERSION = 4.0;
				TARGETED_DEVICE_FAMILY = "1,2";
			};
			name = Release;
		};
		935925AE20E6C7E900434EA7 /* Debug */ = {
			isa = XCBuildConfiguration;
			buildSettings = {
				ALWAYS_EMBED_SWIFT_STANDARD_LIBRARIES = YES;
				BUNDLE_LOADER = "$(TEST_HOST)";
				CODE_SIGN_STYLE = Automatic;
				INFOPLIST_FILE = LoginTests/Info.plist;
				LD_RUNPATH_SEARCH_PATHS = (
					"$(inherited)",
					"@executable_path/Frameworks",
					"@loader_path/Frameworks",
				);
				PRODUCT_BUNDLE_IDENTIFIER = com.asfoor.LoginTests;
				PRODUCT_NAME = "$(TARGET_NAME)";
				SWIFT_VERSION = 4.0;
				TARGETED_DEVICE_FAMILY = "1,2";
				TEST_HOST = "$(BUILT_PRODUCTS_DIR)/Login.app/Login";
			};
			name = Debug;
		};
		935925AF20E6C7E900434EA7 /* Release */ = {
			isa = XCBuildConfiguration;
			buildSettings = {
				ALWAYS_EMBED_SWIFT_STANDARD_LIBRARIES = YES;
				BUNDLE_LOADER = "$(TEST_HOST)";
				CODE_SIGN_STYLE = Automatic;
				INFOPLIST_FILE = LoginTests/Info.plist;
				LD_RUNPATH_SEARCH_PATHS = (
					"$(inherited)",
					"@executable_path/Frameworks",
					"@loader_path/Frameworks",
				);
				PRODUCT_BUNDLE_IDENTIFIER = com.asfoor.LoginTests;
				PRODUCT_NAME = "$(TARGET_NAME)";
				SWIFT_VERSION = 4.0;
				TARGETED_DEVICE_FAMILY = "1,2";
				TEST_HOST = "$(BUILT_PRODUCTS_DIR)/Login.app/Login";
			};
			name = Release;
		};
		935925B120E6C7E900434EA7 /* Debug */ = {
			isa = XCBuildConfiguration;
			buildSettings = {
				ALWAYS_EMBED_SWIFT_STANDARD_LIBRARIES = YES;
				CODE_SIGN_STYLE = Automatic;
				INFOPLIST_FILE = LoginUITests/Info.plist;
				LD_RUNPATH_SEARCH_PATHS = (
					"$(inherited)",
					"@executable_path/Frameworks",
					"@loader_path/Frameworks",
				);
				PRODUCT_BUNDLE_IDENTIFIER = com.asfoor.LoginUITests;
				PRODUCT_NAME = "$(TARGET_NAME)";
				SWIFT_VERSION = 4.0;
				TARGETED_DEVICE_FAMILY = "1,2";
				TEST_TARGET_NAME = Login;
			};
			name = Debug;
		};
		935925B220E6C7E900434EA7 /* Release */ = {
			isa = XCBuildConfiguration;
			buildSettings = {
				ALWAYS_EMBED_SWIFT_STANDARD_LIBRARIES = YES;
				CODE_SIGN_STYLE = Automatic;
				INFOPLIST_FILE = LoginUITests/Info.plist;
				LD_RUNPATH_SEARCH_PATHS = (
					"$(inherited)",
					"@executable_path/Frameworks",
					"@loader_path/Frameworks",
				);
				PRODUCT_BUNDLE_IDENTIFIER = com.asfoor.LoginUITests;
				PRODUCT_NAME = "$(TARGET_NAME)";
				SWIFT_VERSION = 4.0;
				TARGETED_DEVICE_FAMILY = "1,2";
				TEST_TARGET_NAME = Login;
			};
			name = Release;
		};
/* End XCBuildConfiguration section */

/* Begin XCConfigurationList section */
		9359257D20E6C7E600434EA7 /* Build configuration list for PBXProject "Login" */ = {
			isa = XCConfigurationList;
			buildConfigurations = (
				935925A820E6C7E900434EA7 /* Debug */,
				935925A920E6C7E900434EA7 /* Release */,
			);
			defaultConfigurationIsVisible = 0;
			defaultConfigurationName = Release;
		};
		935925AA20E6C7E900434EA7 /* Build configuration list for PBXNativeTarget "Login" */ = {
			isa = XCConfigurationList;
			buildConfigurations = (
				935925AB20E6C7E900434EA7 /* Debug */,
				935925AC20E6C7E900434EA7 /* Release */,
			);
			defaultConfigurationIsVisible = 0;
			defaultConfigurationName = Release;
		};
		935925AD20E6C7E900434EA7 /* Build configuration list for PBXNativeTarget "LoginTests" */ = {
			isa = XCConfigurationList;
			buildConfigurations = (
				935925AE20E6C7E900434EA7 /* Debug */,
				935925AF20E6C7E900434EA7 /* Release */,
			);
			defaultConfigurationIsVisible = 0;
			defaultConfigurationName = Release;
		};
		935925B020E6C7E900434EA7 /* Build configuration list for PBXNativeTarget "LoginUITests" */ = {
			isa = XCConfigurationList;
			buildConfigurations = (
				935925B120E6C7E900434EA7 /* Debug */,
				935925B220E6C7E900434EA7 /* Release */,
			);
			defaultConfigurationIsVisible = 0;
			defaultConfigurationName = Release;
		};
/* End XCConfigurationList section */
	};
	rootObject = 9359257A20E6C7E600434EA7 /* Project object */;
}
